# This file is autogenerated, do not edit; changes may be undone by the next 'dep ensure'.


[[projects]]
  digest = "1:5d72bbcc9c8667b11c3dc3cbe681c5a6f71e5096744c0bf7726ab5c6425d5dc4"
  name = "github.com/BurntSushi/toml"
  packages = ["."]
  pruneopts = "NUT"
  revision = "3012a1dbe2e4bd1391d42b32f0577cb7bbc7f005"
  version = "v0.3.1"

[[projects]]
  branch = "master"
  digest = "1:6250769f8da5f710d163396ce462904adc7934d167b6867fa098e2bb7419ead9"
  name = "github.com/antchfx/xpath"
  packages = ["."]
  pruneopts = "NUT"
  revision = "ce1d48779e67a1ddfb380995fe532b2e0015919c"

[[projects]]
  digest = "1:ef4a4792c7964d4c42edc790702bd920223d0e679de3d76d6da7a2498b755f7f"
  name = "github.com/bblfsh/go-client"
  packages = [
    ".",
    "tools",
  ]
  pruneopts = "NUT"
  revision = "33384029f8b7ae4c89d810b4d280d7d6bf4df033"
  version = "v4.0.0"

[[projects]]
  digest = "1:ffe9824d294da03b391f44e1ae8281281b4afc1bdaa9588c9097785e3af10cec"
  name = "github.com/davecgh/go-spew"
  packages = ["spew"]
  pruneopts = "NUT"
  revision = "8991bc29aa16c548c550c7ff78260e27b9ab7c73"
  version = "v1.1.1"

[[projects]]
  branch = "master"
  digest = "1:23edf5aaca7a1f15d68215ac41595c0732152757e9d7b3f282821222784049f1"
  name = "github.com/gin-contrib/sse"
  packages = ["."]
  pruneopts = "NUT"
  revision = "5545eab6dad3bbbd6c5ae9186383c2a9d23c0dae"

[[projects]]
  digest = "1:7f029513a3c64c1fc923af79bf27d4fd0ce4fafdd13b421c1884d52c84e9c600"
  name = "github.com/gin-gonic/gin"
  packages = [
    ".",
    "binding",
    "json",
    "render",
  ]
  pruneopts = "NUT"
  revision = "b869fe1415e4b9eb52f247441830d502aece2d4d"
  version = "v1.3.0"

[[projects]]
  digest = "1:9de28de6b4453a6a96cdbb16b86d48f2640397e6739ed2d3d7ee5fd55b93d193"
  name = "github.com/gogo/protobuf"
  packages = [
    "gogoproto",
    "proto",
    "protoc-gen-gogo/descriptor",
    "sortkeys",
    "types",
  ]
  pruneopts = "NUT"
  revision = "ba06b47c162d49f2af050fb4c75bcbc86a159d5c"
  version = "v1.2.1"

[[projects]]
  digest = "1:2d0636a8c490d2272dd725db26f74a537111b99b9dbdda0d8b98febe63702aa4"
  name = "github.com/golang/protobuf"
  packages = [
    "proto",
    "ptypes",
    "ptypes/any",
    "ptypes/duration",
    "ptypes/timestamp",
  ]
  pruneopts = "NUT"
  revision = "b5d812f8a3706043e23a9cd5babf2e5423744d30"
  version = "v1.3.1"

[[projects]]
  branch = "master"
  digest = "1:7b760aa6dbe426378f54934270dde1b176fda379111da2154748f030fffe4d3f"
  name = "github.com/grpc-ecosystem/grpc-opentracing"
  packages = ["go/otgrpc"]
  pruneopts = "NUT"
  revision = "8e809c8a86450a29b90dcc9efbf062d0fe6d9746"

[[projects]]
  digest = "1:4e903242fe176238aaa469f59d7035f5abf2aa9acfefb8964ddd203651b574e9"
  name = "github.com/json-iterator/go"
  packages = ["."]
  pruneopts = "NUT"
  revision = "0ff49de124c6f76f8494e194af75bde0f1a49a29"
  version = "v1.1.6"

[[projects]]
  digest = "1:58999a98719fddbac6303cb17e8d85b945f60b72f48e3a2df6b950b97fa926f1"
  name = "github.com/konsorten/go-windows-terminal-sequences"
  packages = ["."]
  pruneopts = "NUT"
  revision = "f55edac94c9bbba5d6182a4be46d86a2c9b5b50e"
  version = "v1.0.2"

[[projects]]
  digest = "1:85edcc76fa95b8b312642905b56284f4fe5c42d8becb219481adba7e97d4f5c5"
  name = "github.com/mattn/go-isatty"
  packages = ["."]
  pruneopts = "NUT"
  revision = "c2a7a6ca930a4cd0bc33a3f298eb71960732a3a7"
  version = "v0.0.7"

[[projects]]
  branch = "master"
  digest = "1:e1ca43ca8774cfff2a43265116b8ccc8221fcb994843a1124071d65dab1507e9"
  name = "github.com/mcuadros/go-lookup"
  packages = ["."]
  pruneopts = "NUT"
  revision = "5650f26be7675b629fff8356a50d906fa03e9c8b"

[[projects]]
  digest = "1:2f42fa12d6911c7b7659738758631bec870b7e9b4c6be5444f963cdcfccc191f"
  name = "github.com/modern-go/concurrent"
  packages = ["."]
  pruneopts = "NUT"
  revision = "bacd9c7ef1dd9b15be4a9909b8ac7a4e313eec94"
  version = "1.0.3"

[[projects]]
  digest = "1:c6aca19413b13dc59c220ad7430329e2ec454cc310bc6d8de2c7e2b93c18a0f6"
  name = "github.com/modern-go/reflect2"
  packages = ["."]
  pruneopts = "NUT"
  revision = "4b7aa43c6742a2c18fdef89dd197aaae7dac7ccd"
  version = "1.0.1"

[[projects]]
  digest = "1:6846140b3f116579680eefdc17145f2bcf064b68deb9febf86b4419a454049af"
  name = "github.com/opentracing/opentracing-go"
  packages = [
    ".",
    "ext",
    "log",
  ]
  pruneopts = "NUT"
  revision = "659c90643e714681897ec2521c60567dd21da733"
  version = "v1.1.0"

[[projects]]
  digest = "1:14715f705ff5dfe0ffd6571d7d201dd8e921030f8070321a79380d8ca4ec1a24"
  name = "github.com/pkg/errors"
  packages = ["."]
  pruneopts = "NUT"
  revision = "ba968bfe8b2f7e042a574c888954fccecfa385b4"
  version = "v0.8.1"

[[projects]]
  digest = "1:0028cb19b2e4c3112225cd871870f2d9cf49b9b4276531f03438a88e94be86fe"
  name = "github.com/pmezard/go-difflib"
  packages = ["difflib"]
  pruneopts = "NUT"
  revision = "792786c7400a136282c1664665ae0a8db921c6c2"
  version = "v1.0.0"

[[projects]]
  digest = "1:f250ca51e5b9215bc2df18f92060a9a835e9f85ab18ebbba0e1a6ef1f8fcdbfe"
  name = "github.com/rs/cors"
  packages = ["."]
  pruneopts = "NUT"
  revision = "9a47f48565a795472d43519dd49aac781f3034fb"
  version = "v1.6.0"

[[projects]]
  digest = "1:998e4640c25e00ccb7b2569bf94562283937b8afb3485c0e1a0a05a15330240d"
  name = "github.com/sirupsen/logrus"
  packages = ["."]
  pruneopts = "NUT"
  revision = "8bdbc7bcc01dcbb8ec23dc8a28e332258d25251f"
  version = "v1.4.1"

[[projects]]
  digest = "1:85adecf1dbfae5769cc62a8bcea6498f8e9f0e2452e4e6686eb36fa4428a5a6e"
  name = "github.com/stretchr/testify"
  packages = [
    "assert",
    "require",
  ]
  pruneopts = "NUT"
  revision = "ffdc059bfe9ce6a4e144ba849dbedead332c6053"
  version = "v1.3.0"

[[projects]]
  digest = "1:34b51a52f20fdbd3cf709e22f41334f5cba6ac64b8eba2f145fa5a722b28efa0"
  name = "github.com/ugorji/go"
  packages = ["codec"]
  pruneopts = "NUT"
  revision = "2adff0894ba3bc2eeb9f9aea45fefd49802e1a13"
  version = "v1.1.4"

[[projects]]
  branch = "master"
  digest = "1:0691891596aed53deec3856d0d16ddaf565fed63445c173c3299613494800030"
  name = "golang.org/x/net"
  packages = [
    "context",
    "http/httpguts",
    "http2",
    "http2/hpack",
    "idna",
    "internal/timeseries",
    "trace",
  ]
  pruneopts = "NUT"
  revision = "1da14a5a36f220ea3f03470682b737b1dfd5de22"

[[projects]]
  branch = "master"
  digest = "1:6340f2bc34a845d3f5141cb87916197518eebc94490f46aefe430b666a322606"
  name = "golang.org/x/sys"
  packages = ["unix"]
  pruneopts = "NUT"
  revision = "3fd5a3612ccd7907f26270fa92579a0f2f76f734"

[[projects]]
  digest = "1:e7071ed636b5422cc51c0e3a6cebc229d6c9fffc528814b519a980641422d619"
  name = "golang.org/x/text"
  packages = [
    "collate",
    "collate/build",
    "internal/colltab",
    "internal/gen",
    "internal/tag",
    "internal/triegen",
    "internal/ucd",
    "language",
    "secure/bidirule",
    "transform",
    "unicode/bidi",
    "unicode/cldr",
    "unicode/norm",
    "unicode/rangetable",
  ]
  pruneopts = "NUT"
  revision = "f21a4dfb5e38f5895301dc265a8def02365cc3d0"
  version = "v0.3.0"

[[projects]]
  branch = "master"
  digest = "1:c3076e7defee87de1236f1814beb588f40a75544c60121e6eb38b3b3721783e2"
  name = "google.golang.org/genproto"
  packages = ["googleapis/rpc/status"]
  pruneopts = "NUT"
  revision = "d1146b9035b912113a38af3b138eb2af567b2c67"

[[projects]]
  digest = "1:054a590df55ec2c3fb881f1441b01d124913e8f2251947ab44fa81d175262219"
  name = "google.golang.org/grpc"
  packages = [
    ".",
    "balancer",
    "balancer/base",
    "balancer/roundrobin",
    "binarylog/grpc_binarylog_v1",
    "codes",
    "connectivity",
    "credentials",
    "credentials/internal",
    "encoding",
    "encoding/proto",
    "grpclog",
    "internal",
    "internal/backoff",
    "internal/balancerload",
    "internal/binarylog",
    "internal/channelz",
    "internal/envconfig",
    "internal/grpcrand",
    "internal/grpcsync",
    "internal/syscall",
    "internal/transport",
    "keepalive",
    "metadata",
    "naming",
    "peer",
    "resolver",
    "resolver/dns",
    "resolver/passthrough",
    "stats",
    "status",
    "tap",
  ]
  pruneopts = "NUT"
  revision = "236199dd5f8031d698fb64091194aecd1c3895b2"
  version = "v1.20.0"

[[projects]]
  digest = "1:85ce4b06f191dd616ad7f4377843ea08db7db003757bd0a67e1b3ac4cbd5c2ef"
  name = "gopkg.in/bblfsh/sdk.v1"
  packages = [
    "manifest",
    "protocol",
    "uast",
  ]
  pruneopts = "NUT"
  revision = "96b20b225b3093661e5f3f3bdf9b3beb5d1040a6"
  version = "v1.17.0"

[[projects]]
  digest = "1:a97d8f6cd5cf31b41f5962fa37f409d45f8eb0f383a4ed3af768974568003eeb"
  name = "gopkg.in/bblfsh/sdk.v2"
  packages = [
    "driver",
    "driver/errors",
    "driver/manifest",
    "protocol",
    "uast",
    "uast/nodes",
    "uast/nodes/nodesproto",
    "uast/nodes/nodesproto/pio",
    "uast/query",
    "uast/query/xpath",
    "uast/role",
    "uast/transformer",
  ]
  pruneopts = "NUT"
  revision = "a7cb6c25d2968d3f254149b7b878c4f5270dd1b6"
  version = "v2.16.4"

[[projects]]
  digest = "1:0215407129c5f116ae8f6d3af64df59c39d3f606a72ef77a1e6ed874f92a8d9c"
  name = "gopkg.in/go-playground/validator.v8"
  packages = ["."]
  pruneopts = "NUT"
  revision = "5f1438d3fca68893a817e4a66806cea46a9e4ebf"
  version = "v8.18.2"

[[projects]]
  digest = "1:e79c76b3315c08c2c9d4d09d308ef2be7e4a4161fdcbe5c56040b3641f21096c"
  name = "gopkg.in/src-d/go-errors.v1"
  packages = ["."]
  pruneopts = "NUT"
  revision = "8bbbeeb767dfdd053b9b45d5a16a4f4ce2c6f694"
  version = "v1.0.0"

[[projects]]
  digest = "1:18108594151654e9e696b27b181b953f9a90b16bf14d253dd1b397b025a1487f"
  name = "gopkg.in/yaml.v2"
  packages = ["."]
  pruneopts = "NUT"
  revision = "51d6538a90f86fe93ac480b35f37b2be17fef232"
  version = "v2.2.2"

[solve-meta]
  analyzer-name = "dep"
  analyzer-version = 1
  input-imports = [
    "github.com/bblfsh/go-client",
    "github.com/bblfsh/go-client/tools",
    "github.com/gin-gonic/gin",
    "github.com/rs/cors",
    "github.com/sirupsen/logrus",
    "github.com/stretchr/testify/require",
    "golang.org/x/net/context",
    "google.golang.org/grpc",
    "gopkg.in/bblfsh/sdk.v1/protocol",
    "gopkg.in/bblfsh/sdk.v2/protocol",
    "gopkg.in/bblfsh/sdk.v2/uast/nodes",
    "gopkg.in/bblfsh/sdk.v2/uast/nodes/nodesproto",
  ]
  solver-name = "gps-cdcl"
  solver-version = 1
