# This file is autogenerated, do not edit; changes may be undone by the next 'dep ensure'.


[[projects]]
  digest = "1:e0499b93857a1b91efbdc0c21e26f1130685de98035008f3b01eeeb0713798cb"
  name = "github.com/BurntSushi/toml"
  packages = ["."]
  pruneopts = "NUT"
  revision = "b26d9c308763d68093482582cea63d69be07a0f0"
  version = "v0.3.0"

[[projects]]
  digest = "1:a2c1d0e43bd3baaa071d1b9ed72c27d78169b2b269f71c105ac4ba34b1be4a39"
  name = "github.com/davecgh/go-spew"
  packages = ["spew"]
  pruneopts = "NUT"
  revision = "346938d642f2ec3594ed81d874461961cd0faa76"
  version = "v1.1.0"

[[projects]]
  branch = "master"
  digest = "1:23edf5aaca7a1f15d68215ac41595c0732152757e9d7b3f282821222784049f1"
  name = "github.com/gin-contrib/sse"
  packages = ["."]
  pruneopts = "NUT"
  revision = "22d885f9ecc78bf4ee5d72b937e4bbcdc58e8cae"

[[projects]]
  digest = "1:9ab37684216559c96004c817c212154f514feef7755093414ee7fbc6881dca8f"
  name = "github.com/gin-gonic/gin"
  packages = [
    ".",
    "binding",
    "render",
  ]
  pruneopts = "NUT"
  revision = "d459835d2b077e44f7c9b453505ee29881d5d12d"
  version = "v1.2"

[[projects]]
  digest = "1:e774f48a41dc1766028d091b29afb5849a3bede1b079527d789c35475a8bf30d"
  name = "github.com/gogo/protobuf"
  packages = [
    "gogoproto",
    "proto",
    "protoc-gen-gogo/descriptor",
    "sortkeys",
    "types",
  ]
  pruneopts = "NUT"
  revision = "1adfc126b41513cc696b209667c8656ea7aac67c"
  version = "v1.0.0"

[[projects]]
  digest = "1:d7b71d7d61bf4002b88ad4e80eecc76b4bd89355044635ba32f1ff74d5bb88ad"
  name = "github.com/golang/protobuf"
  packages = [
    "proto",
    "ptypes",
    "ptypes/any",
    "ptypes/duration",
    "ptypes/timestamp",
  ]
  pruneopts = "NUT"
  revision = "925541529c1fa6821df4e44ce2723319eb2be768"
  version = "v1.0.0"

[[projects]]
  digest = "1:bc4f7eec3b7be8c6cb1f0af6c1e3333d5bb71072951aaaae2f05067b0803f287"
  name = "github.com/mattn/go-isatty"
  packages = ["."]
  pruneopts = "NUT"
  revision = "0360b2af4f38e8d38c7fce2a9f4e702702d73a39"
  version = "v0.0.3"

[[projects]]
  branch = "master"
  digest = "1:e1ca43ca8774cfff2a43265116b8ccc8221fcb994843a1124071d65dab1507e9"
  name = "github.com/mcuadros/go-lookup"
  packages = ["."]
  pruneopts = "NUT"
  revision = "5650f26be7675b629fff8356a50d906fa03e9c8b"

[[projects]]
  digest = "1:5cf3f025cbee5951a4ee961de067c8a89fc95a5adabead774f82822efabab121"
  name = "github.com/pkg/errors"
  packages = ["."]
  pruneopts = "NUT"
  revision = "645ef00459ed84a119197bfb8d8205042c6df63d"
  version = "v0.8.0"

[[projects]]
  digest = "1:0028cb19b2e4c3112225cd871870f2d9cf49b9b4276531f03438a88e94be86fe"
  name = "github.com/pmezard/go-difflib"
  packages = ["difflib"]
  pruneopts = "NUT"
  revision = "792786c7400a136282c1664665ae0a8db921c6c2"
  version = "v1.0.0"

[[projects]]
  digest = "1:d7ee7aadf325881d47bae4d1c596698bee802f66fbcd63e9c830740170881b84"
  name = "github.com/rs/cors"
  packages = ["."]
  pruneopts = "NUT"
  revision = "feef513b9575b32f84bafa580aad89b011259019"
  version = "v1.3.0"

[[projects]]
  digest = "1:6989062eb7ccf25cf38bf4fe3dba097ee209f896cda42cefdca3927047bef7b6"
  name = "github.com/sirupsen/logrus"
  packages = ["."]
  pruneopts = "NUT"
  revision = "c155da19408a8799da419ed3eeb0cb5db0ad5dbc"
  version = "v1.0.5"

[[projects]]
  digest = "1:1b70b055ad90a0471dff7f92a31a0b85a970f513f7ff5c9e0536aec9e5ee30be"
  name = "github.com/stretchr/testify"
  packages = [
    "assert",
    "require",
  ]
  pruneopts = "NUT"
  revision = "12b6f73e6084dad08a7c6e575284b177ecafbc71"
  version = "v1.2.1"

[[projects]]
  digest = "1:919fc2a81add8ac4a7a236dceaf3e4c29ba4df96d13c3f2ce13a4d0132ebefb8"
  name = "github.com/ugorji/go"
  packages = ["codec"]
  pruneopts = "NUT"
  revision = "b4c50a2b199d93b13dc15e78929cfb23bfdf21ab"
  version = "v1.1.1"

[[projects]]
  branch = "master"
  digest = "1:3f3a05ae0b95893d90b9b3b5afdb79a9b3d96e4e36e099d841ae602e4aca0da8"
  name = "golang.org/x/crypto"
  packages = ["ssh/terminal"]
  pruneopts = "NUT"
  revision = "d6449816ce06963d9d136eee5a56fca5b0616e7e"

[[projects]]
  branch = "master"
  digest = "1:d4da204ab8ce1b0ad7ed00fdab0d73a2d90695857d3adc56bd4584065530d53f"
  name = "golang.org/x/net"
  packages = [
    "context",
    "http/httpguts",
    "http2",
    "http2/hpack",
    "idna",
    "internal/timeseries",
    "lex/httplex",
    "trace",
  ]
  pruneopts = "NUT"
  revision = "d41e8174641f662c5a2d1c7a5f9e828788eb8706"

[[projects]]
  branch = "master"
  digest = "1:476d6c8157083d608090d4b4e2ea2abd0ff8cd2b12e3224e9298ca0704ec462a"
  name = "golang.org/x/sys"
  packages = [
    "unix",
    "windows",
  ]
  pruneopts = "NUT"
  revision = "b126b21c05a91c856b027c16779c12e3bf236954"

[[projects]]
  digest = "1:a0f29009397dc27c9dc8440f0945d49e5cbb9b72d0b0fc745474d9bfdea2d9f8"
  name = "golang.org/x/text"
  packages = [
    "collate",
    "collate/build",
    "internal/colltab",
    "internal/gen",
    "internal/tag",
    "internal/triegen",
    "internal/ucd",
    "language",
    "secure/bidirule",
    "transform",
    "unicode/bidi",
    "unicode/cldr",
    "unicode/norm",
    "unicode/rangetable",
  ]
  pruneopts = "NUT"
  revision = "f21a4dfb5e38f5895301dc265a8def02365cc3d0"
  version = "v0.3.0"

[[projects]]
  branch = "master"
  digest = "1:cd018653a358d4b743a9d3bee89e825521f2ab2f2ec0770164bf7632d8d73ab7"
  name = "google.golang.org/genproto"
  packages = ["googleapis/rpc/status"]
  pruneopts = "NUT"
  revision = "7fd901a49ba6a7f87732eb344f6e3c5b19d1b200"

[[projects]]
  digest = "1:c09d7ef1564ca6aee8193b8b9d2d831cb69d29581f53b1b1e6331142d07fddbd"
  name = "google.golang.org/grpc"
  packages = [
    ".",
    "balancer",
    "balancer/base",
    "balancer/roundrobin",
    "codes",
    "connectivity",
    "credentials",
    "encoding",
    "encoding/proto",
    "grpclb/grpc_lb_v1/messages",
    "grpclog",
    "internal",
    "keepalive",
    "metadata",
    "naming",
    "peer",
    "resolver",
    "resolver/dns",
    "resolver/passthrough",
    "stats",
    "status",
    "tap",
    "transport",
  ]
  pruneopts = "NUT"
  revision = "d11072e7ca9811b1100b80ca0269ac831f06d024"
  version = "v1.11.3"

[[projects]]
  digest = "1:fe596e4ef9f2d699c64c90e253aafe0580c4f9ed8800d4d725b588086d8d0509"
  name = "gopkg.in/bblfsh/client-go.v2"
  packages = [
    ".",
    "tools",
  ]
  pruneopts = "UT"
  revision = "3528037b9c4ec657341135ea9701f160189586f4"
  version = "v2.5.1"

[[projects]]
  digest = "1:da126f28a82cb1a6c0c2a0091267dd4798c4b61f475ed7c1e37c17b1fbd7b5b8"
  name = "gopkg.in/bblfsh/sdk.v1"
  packages = [
    "manifest",
    "protocol",
    "uast",
  ]
  pruneopts = "NUT"
  revision = "96e92bdde3785e655b8095a576addd52b96c6c61"
  version = "v1.16.0"

[[projects]]
  digest = "1:0215407129c5f116ae8f6d3af64df59c39d3f606a72ef77a1e6ed874f92a8d9c"
  name = "gopkg.in/go-playground/validator.v8"
  packages = ["."]
  pruneopts = "NUT"
  revision = "5f1438d3fca68893a817e4a66806cea46a9e4ebf"
  version = "v8.18.2"

[[projects]]
  digest = "1:e79c76b3315c08c2c9d4d09d308ef2be7e4a4161fdcbe5c56040b3641f21096c"
  name = "gopkg.in/src-d/go-errors.v1"
  packages = ["."]
  pruneopts = "NUT"
  revision = "8bbbeeb767dfdd053b9b45d5a16a4f4ce2c6f694"
  version = "v1.0.0"

[[projects]]
  digest = "1:7c95b35057a0ff2e19f707173cc1a947fa43a6eb5c4d300d196ece0334046082"
  name = "gopkg.in/yaml.v2"
  packages = ["."]
  pruneopts = "NUT"
  revision = "5420a8b6744d3b0345ab293f6fcba19c978f1183"
  version = "v2.2.1"

[solve-meta]
  analyzer-name = "dep"
  analyzer-version = 1
  input-imports = [
    "github.com/gin-gonic/gin",
    "github.com/rs/cors",
    "github.com/sirupsen/logrus",
    "github.com/stretchr/testify/require",
    "google.golang.org/grpc",
    "gopkg.in/bblfsh/client-go.v2",
    "gopkg.in/bblfsh/client-go.v2/tools",
    "gopkg.in/bblfsh/sdk.v1/protocol",
    "gopkg.in/bblfsh/sdk.v1/uast",
  ]
  solver-name = "gps-cdcl"
  solver-version = 1
